
Microsoft Visual Studio Solution File, Format Version 12.00
# Visual Studio 15
Project("{FAE04EC0-301F-11D3-BF4B-00C04F79EFBC}") = "Assembly-CSharp", "Assembly-CSharp.csproj", "{3B8B91DA-2226-2DA6-4591-675045A89ECF}"
EndProject
Global
	GlobalSection(SolutionConfigurationPlatforms) = preSolution
		Debug|Any CPU = Debug|Any CPU
		Release|Any CPU = Release|Any CPU
	EndGlobalSection
	GlobalSection(ProjectConfigurationPlatforms) = postSolution
		{3B8B91DA-2226-2DA6-4591-675045A89ECF}.Debug|Any CPU.ActiveCfg = Debug|Any CPU
		{3B8B91DA-2226-2DA6-4591-675045A89ECF}.Debug|Any CPU.Build.0 = Debug|Any CPU
		{3B8B91DA-2226-2DA6-4591-675045A89ECF}.Release|Any CPU.ActiveCfg = Release|Any CPU
		{3B8B91DA-2226-2DA6-4591-675045A89ECF}.Release|Any CPU.Build.0 = Release|Any CPU
	EndGlobalSection
	GlobalSection(SolutionProperties) = preSolution
		HideSolutionNode = FALSE
	EndGlobalSection
EndGlobal
